// !$*UTF8*$!
{
	archiveVersion = 1;
	classes = {
	};
	objectVersion = 46;
	objects = {

/* Begin PBXBuildFile section */
		DF10EB651E1E2DBD00BE671D /* main.m in Sources */ = {isa = PBXBuildFile; fileRef = DF10EB641E1E2DBD00BE671D /* main.m */; };
		DF10EB681E1E2DBD00BE671D /* AppDelegate.m in Sources */ = {isa = PBXBuildFile; fileRef = DF10EB671E1E2DBD00BE671D /* AppDelegate.m */; };
		DF10EB6B1E1E2DBD00BE671D /* ViewController.m in Sources */ = {isa = PBXBuildFile; fileRef = DF10EB6A1E1E2DBD00BE671D /* ViewController.m */; };
		DF10EB6E1E1E2DBD00BE671D /* Main.storyboard in Resources */ = {isa = PBXBuildFile; fileRef = DF10EB6C1E1E2DBD00BE671D /* Main.storyboard */; };
		DF10EB701E1E2DBD00BE671D /* Assets.xcassets in Resources */ = {isa = PBXBuildFile; fileRef = DF10EB6F1E1E2DBD00BE671D /* Assets.xcassets */; };
		DF10EB731E1E2DBD00BE671D /* LaunchScreen.storyboard in Resources */ = {isa = PBXBuildFile; fileRef = DF10EB711E1E2DBD00BE671D /* LaunchScreen.storyboard */; };
		DF10EB7E1E1E2DBD00BE671D /* WebSocketDemoTests.m in Sources */ = {isa = PBXBuildFile; fileRef = DF10EB7D1E1E2DBD00BE671D /* WebSocketDemoTests.m */; };
		DF10EB891E1E2DBD00BE671D /* WebSocketDemoUITests.m in Sources */ = {isa = PBXBuildFile; fileRef = DF10EB881E1E2DBD00BE671D /* WebSocketDemoUITests.m */; };
		DF10EB971E1E301200BE671D /* Security.framework in Frameworks */ = {isa = PBXBuildFile; fileRef = DF10EB961E1E301200BE671D /* Security.framework */; };
		DF10EB991E1E301800BE671D /* Foundation.framework in Frameworks */ = {isa = PBXBuildFile; fileRef = DF10EB981E1E301800BE671D /* Foundation.framework */; };
		DF10EB9B1E1E301E00BE671D /* CFNetwork.framework in Frameworks */ = {isa = PBXBuildFile; fileRef = DF10EB9A1E1E301E00BE671D /* CFNetwork.framework */; };
		DF10EB9E1E1E302B00BE671D /* libicucore.A.tbd in Frameworks */ = {isa = PBXBuildFile; fileRef = DF10EB9C1E1E302B00BE671D /* libicucore.A.tbd */; };
		DF10EB9F1E1E302B00BE671D /* libicucore.tbd in Frameworks */ = {isa = PBXBuildFile; fileRef = DF10EB9D1E1E302B00BE671D /* libicucore.tbd */; };
		DF10EBA71E1E30F900BE671D /* webSocketManager.m in Sources */ = {isa = PBXBuildFile; fileRef = DF10EBA61E1E30F900BE671D /* webSocketManager.m */; };
		DF10EBAB1E1E310500BE671D /* DemoTableViewCell.m in Sources */ = {isa = PBXBuildFile; fileRef = DF10EBA91E1E310500BE671D /* DemoTableViewCell.m */; };
		DF10EBAC1E1E310500BE671D /* DemoTableViewCell.xib in Resources */ = {isa = PBXBuildFile; fileRef = DF10EBAA1E1E310500BE671D /* DemoTableViewCell.xib */; };
		EF1329CA7D96EB5085824DFA /* libPods-WebSocketDemo.a in Frameworks */ = {isa = PBXBuildFile; fileRef = 518BC80621B1A0DAEAC54CAD /* libPods-WebSocketDemo.a */; };
/* End PBXBuildFile section */

/* Begin PBXContainerItemProxy section */
		DF10EB7A1E1E2DBD00BE671D /* PBXContainerItemProxy */ = {
			isa = PBXContainerItemProxy;
			containerPortal = DF10EB581E1E2DBC00BE671D /* Project object */;
			proxyType = 1;
			remoteGlobalIDString = DF10EB5F1E1E2DBD00BE671D;
			remoteInfo = WebSocketDemo;
		};
		DF10EB851E1E2DBD00BE671D /* PBXContainerItemProxy */ = {
			isa = PBXContainerItemProxy;
			containerPortal = DF10EB581E1E2DBC00BE671D /* Project object */;
			proxyType = 1;
			remoteGlobalIDString = DF10EB5F1E1E2DBD00BE671D;
			remoteInfo = WebSocketDemo;
		};
/* End PBXContainerItemProxy section */

/* Begin PBXFileReference section */
		518BC80621B1A0DAEAC54CAD /* libPods-WebSocketDemo.a */ = {isa = PBXFileReference; explicitFileType = archive.ar; includeInIndex = 0; path = "libPods-WebSocketDemo.a"; sourceTree = BUILT_PRODUCTS_DIR; };
		7E873BC24FD6CA93B1F36B8E /* Pods-WebSocketDemo.debug.xcconfig */ = {isa = PBXFileReference; includeInIndex = 1; lastKnownFileType = text.xcconfig; name = "Pods-WebSocketDemo.debug.xcconfig"; path = "Pods/Target Support Files/Pods-WebSocketDemo/Pods-WebSocketDemo.debug.xcconfig"; sourceTree = "<group>"; };
		DF10EB601E1E2DBD00BE671D /* WebSocketDemo.app */ = {isa = PBXFileReference; explicitFileType = wrapper.application; includeInIndex = 0; path = WebSocketDemo.app; sourceTree = BUILT_PRODUCTS_DIR; };
		DF10EB641E1E2DBD00BE671D /* main.m */ = {isa = PBXFileReference; lastKnownFileType = sourcecode.c.objc; path = main.m; sourceTree = "<group>"; };
		DF10EB661E1E2DBD00BE671D /* AppDelegate.h */ = {isa = PBXFileReference; lastKnownFileType = sourcecode.c.h; path = AppDelegate.h; sourceTree = "<group>"; };
		DF10EB671E1E2DBD00BE671D /* AppDelegate.m */ = {isa = PBXFileReference; lastKnownFileType = sourcecode.c.objc; path = AppDelegate.m; sourceTree = "<group>"; };
		DF10EB691E1E2DBD00BE671D /* ViewController.h */ = {isa = PBXFileReference; lastKnownFileType = sourcecode.c.h; path = ViewController.h; sourceTree = "<group>"; };
		DF10EB6A1E1E2DBD00BE671D /* ViewController.m */ = {isa = PBXFileReference; lastKnownFileType = sourcecode.c.objc; path = ViewController.m; sourceTree = "<group>"; };
		DF10EB6D1E1E2DBD00BE671D /* Base */ = {isa = PBXFileReference; lastKnownFileType = file.storyboard; name = Base; path = Base.lproj/Main.storyboard; sourceTree = "<group>"; };
		DF10EB6F1E1E2DBD00BE671D /* Assets.xcassets */ = {isa = PBXFileReference; lastKnownFileType = folder.assetcatalog; path = Assets.xcassets; sourceTree = "<group>"; };
		DF10EB721E1E2DBD00BE671D /* Base */ = {isa = PBXFileReference; lastKnownFileType = file.storyboard; name = Base; path = Base.lproj/LaunchScreen.storyboard; sourceTree = "<group>"; };
		DF10EB741E1E2DBD00BE671D /* Info.plist */ = {isa = PBXFileReference; lastKnownFileType = text.plist.xml; path = Info.plist; sourceTree = "<group>"; };
		DF10EB791E1E2DBD00BE671D /* WebSocketDemoTests.xctest */ = {isa = PBXFileReference; explicitFileType = wrapper.cfbundle; includeInIndex = 0; path = WebSocketDemoTests.xctest; sourceTree = BUILT_PRODUCTS_DIR; };
		DF10EB7D1E1E2DBD00BE671D /* WebSocketDemoTests.m */ = {isa = PBXFileReference; lastKnownFileType = sourcecode.c.objc; path = WebSocketDemoTests.m; sourceTree = "<group>"; };
		DF10EB7F1E1E2DBD00BE671D /* Info.plist */ = {isa = PBXFileReference; lastKnownFileType = text.plist.xml; path = Info.plist; sourceTree = "<group>"; };
		DF10EB841E1E2DBD00BE671D /* WebSocketDemoUITests.xctest */ = {isa = PBXFileReference; explicitFileType = wrapper.cfbundle; includeInIndex = 0; path = WebSocketDemoUITests.xctest; sourceTree = BUILT_PRODUCTS_DIR; };
		DF10EB881E1E2DBD00BE671D /* WebSocketDemoUITests.m */ = {isa = PBXFileReference; lastKnownFileType = sourcecode.c.objc; path = WebSocketDemoUITests.m; sourceTree = "<group>"; };
		DF10EB8A1E1E2DBD00BE671D /* Info.plist */ = {isa = PBXFileReference; lastKnownFileType = text.plist.xml; path = Info.plist; sourceTree = "<group>"; };
		DF10EB961E1E301200BE671D /* Security.framework */ = {isa = PBXFileReference; lastKnownFileType = wrapper.framework; name = Security.framework; path = System/Library/Frameworks/Security.framework; sourceTree = SDKROOT; };
		DF10EB981E1E301800BE671D /* Foundation.framework */ = {isa = PBXFileReference; lastKnownFileType = wrapper.framework; name = Foundation.framework; path = System/Library/Frameworks/Foundation.framework; sourceTree = SDKROOT; };
		DF10EB9A1E1E301E00BE671D /* CFNetwork.framework */ = {isa = PBXFileReference; lastKnownFileType = wrapper.framework; name = CFNetwork.framework; path = System/Library/Frameworks/CFNetwork.framework; sourceTree = SDKROOT; };
		DF10EB9C1E1E302B00BE671D /* libicucore.A.tbd */ = {isa = PBXFileReference; lastKnownFileType = "sourcecode.text-based-dylib-definition"; name = libicucore.A.tbd; path = usr/lib/libicucore.A.tbd; sourceTree = SDKROOT; };
		DF10EB9D1E1E302B00BE671D /* libicucore.tbd */ = {isa = PBXFileReference; lastKnownFileType = "sourcecode.text-based-dylib-definition"; name = libicucore.tbd; path = usr/lib/libicucore.tbd; sourceTree = SDKROOT; };
		DF10EBA51E1E30F900BE671D /* webSocketManager.h */ = {isa = PBXFileReference; fileEncoding = 4; lastKnownFileType = sourcecode.c.h; path = webSocketManager.h; sourceTree = "<group>"; };
		DF10EBA61E1E30F900BE671D /* webSocketManager.m */ = {isa = PBXFileReference; fileEncoding = 4; lastKnownFileType = sourcecode.c.objc; path = webSocketManager.m; sourceTree = "<group>"; };
		DF10EBA81E1E310500BE671D /* DemoTableViewCell.h */ = {isa = PBXFileReference; fileEncoding = 4; lastKnownFileType = sourcecode.c.h; path = DemoTableViewCell.h; sourceTree = "<group>"; };
		DF10EBA91E1E310500BE671D /* DemoTableViewCell.m */ = {isa = PBXFileReference; fileEncoding = 4; lastKnownFileType = sourcecode.c.objc; path = DemoTableViewCell.m; sourceTree = "<group>"; };
		DF10EBAA1E1E310500BE671D /* DemoTableViewCell.xib */ = {isa = PBXFileReference; fileEncoding = 4; lastKnownFileType = file.xib; path = DemoTableViewCell.xib; sourceTree = "<group>"; };
		EAC5CC82B44C8D1FFF81B195 /* Pods-WebSocketDemo.release.xcconfig */ = {isa = PBXFileReference; includeInIndex = 1; lastKnownFileType = text.xcconfig; name = "Pods-WebSocketDemo.release.xcconfig"; path = "Pods/Target Support Files/Pods-WebSocketDemo/Pods-WebSocketDemo.release.xcconfig"; sourceTree = "<group>"; };
/* End PBXFileReference section */

/* Begin PBXFrameworksBuildPhase section */
		DF10EB5D1E1E2DBD00BE671D /* Frameworks */ = {
			isa = PBXFrameworksBuildPhase;
			buildActionMask = 2147483647;
			files = (
				DF10EB9E1E1E302B00BE671D /* libicucore.A.tbd in Frameworks */,
				DF10EB9F1E1E302B00BE671D /* libicucore.tbd in Frameworks */,
				DF10EB9B1E1E301E00BE671D /* CFNetwork.framework in Frameworks */,
				DF10EB991E1E301800BE671D /* Foundation.framework in Frameworks */,
				DF10EB971E1E301200BE671D /* Security.framework in Frameworks */,
				EF1329CA7D96EB5085824DFA /* libPods-WebSocketDemo.a in Frameworks */,
			);
			runOnlyForDeploymentPostprocessing = 0;
		};
		DF10EB761E1E2DBD00BE671D /* Frameworks */ = {
			isa = PBXFrameworksBuildPhase;
			buildActionMask = 2147483647;
			files = (
			);
			runOnlyForDeploymentPostprocessing = 0;
		};
		DF10EB811E1E2DBD00BE671D /* Frameworks */ = {
			isa = PBXFrameworksBuildPhase;
			buildActionMask = 2147483647;
			files = (
			);
			runOnlyForDeploymentPostprocessing = 0;
		};
/* End PBXFrameworksBuildPhase section */

/* Begin PBXGroup section */
		49010E30E7001DEA4A4869EB /* Pods */ = {
			isa = PBXGroup;
			children = (
				7E873BC24FD6CA93B1F36B8E /* Pods-WebSocketDemo.debug.xcconfig */,
				EAC5CC82B44C8D1FFF81B195 /* Pods-WebSocketDemo.release.xcconfig */,
			);
			name = Pods;
			sourceTree = "<group>";
		};
		DAB37F9457472CC94A923659 /* Frameworks */ = {
			isa = PBXGroup;
			children = (
				DF10EB9C1E1E302B00BE671D /* libicucore.A.tbd */,
				DF10EB9D1E1E302B00BE671D /* libicucore.tbd */,
				DF10EB9A1E1E301E00BE671D /* CFNetwork.framework */,
				DF10EB981E1E301800BE671D /* Foundation.framework */,
				DF10EB961E1E301200BE671D /* Security.framework */,
				518BC80621B1A0DAEAC54CAD /* libPods-WebSocketDemo.a */,
			);
			name = Frameworks;
			sourceTree = "<group>";
		};
		DF10EB571E1E2DBC00BE671D = {
			isa = PBXGroup;
			children = (
				DF10EB621E1E2DBD00BE671D /* WebSocketDemo */,
				DF10EB7C1E1E2DBD00BE671D /* WebSocketDemoTests */,
				DF10EB871E1E2DBD00BE671D /* WebSocketDemoUITests */,
				DF10EB611E1E2DBD00BE671D /* Products */,
				49010E30E7001DEA4A4869EB /* Pods */,
				DAB37F9457472CC94A923659 /* Frameworks */,
			);
			sourceTree = "<group>";
		};
		DF10EB611E1E2DBD00BE671D /* Products */ = {
			isa = PBXGroup;
			children = (
				DF10EB601E1E2DBD00BE671D /* WebSocketDemo.app */,
				DF10EB791E1E2DBD00BE671D /* WebSocketDemoTests.xctest */,
				DF10EB841E1E2DBD00BE671D /* WebSocketDemoUITests.xctest */,
			);
			name = Products;
			sourceTree = "<group>";
		};
		DF10EB621E1E2DBD00BE671D /* WebSocketDemo */ = {
			isa = PBXGroup;
			children = (
				DF10EB661E1E2DBD00BE671D /* AppDelegate.h */,
				DF10EB671E1E2DBD00BE671D /* AppDelegate.m */,
				DF10EBA41E1E30B100BE671D /* Tool */,
				DF10EBA31E1E30A200BE671D /* MainVC */,
				DF10EBA21E1E309400BE671D /* WEBSOCKET */,
				DF10EBA11E1E308900BE671D /* DemoCell */,
				DF10EB631E1E2DBD00BE671D /* Supporting Files */,
			);
			path = WebSocketDemo;
			sourceTree = "<group>";
		};
		DF10EB631E1E2DBD00BE671D /* Supporting Files */ = {
			isa = PBXGroup;
			children = (
				DF10EB641E1E2DBD00BE671D /* main.m */,
			);
			name = "Supporting Files";
			sourceTree = "<group>";
		};
		DF10EB7C1E1E2DBD00BE671D /* WebSocketDemoTests */ = {
			isa = PBXGroup;
			children = (
				DF10EB7D1E1E2DBD00BE671D /* WebSocketDemoTests.m */,
				DF10EB7F1E1E2DBD00BE671D /* Info.plist */,
			);
			path = WebSocketDemoTests;
			sourceTree = "<group>";
		};
		DF10EB871E1E2DBD00BE671D /* WebSocketDemoUITests */ = {
			isa = PBXGroup;
			children = (
				DF10EB881E1E2DBD00BE671D /* WebSocketDemoUITests.m */,
				DF10EB8A1E1E2DBD00BE671D /* Info.plist */,
			);
			path = WebSocketDemoUITests;
			sourceTree = "<group>";
		};
		DF10EBA11E1E308900BE671D /* DemoCell */ = {
			isa = PBXGroup;
			children = (
				DF10EBA81E1E310500BE671D /* DemoTableViewCell.h */,
				DF10EBA91E1E310500BE671D /* DemoTableViewCell.m */,
				DF10EBAA1E1E310500BE671D /* DemoTableViewCell.xib */,
			);
			name = DemoCell;
			sourceTree = "<group>";
		};
		DF10EBA21E1E309400BE671D /* WEBSOCKET */ = {
			isa = PBXGroup;
			children = (
				DF10EBA51E1E30F900BE671D /* webSocketManager.h */,
				DF10EBA61E1E30F900BE671D /* webSocketManager.m */,
			);
			name = WEBSOCKET;
			sourceTree = "<group>";
		};
		DF10EBA31E1E30A200BE671D /* MainVC */ = {
			isa = PBXGroup;
			children = (
				DF10EB691E1E2DBD00BE671D /* ViewController.h */,
				DF10EB6A1E1E2DBD00BE671D /* ViewController.m */,
				DF10EB6C1E1E2DBD00BE671D /* Main.storyboard */,
			);
			name = MainVC;
			sourceTree = "<group>";
		};
		DF10EBA41E1E30B100BE671D /* Tool */ = {
			isa = PBXGroup;
			children = (
				DF10EB6F1E1E2DBD00BE671D /* Assets.xcassets */,
				DF10EB711E1E2DBD00BE671D /* LaunchScreen.storyboard */,
				DF10EB741E1E2DBD00BE671D /* Info.plist */,
			);
			name = Tool;
			sourceTree = "<group>";
		};
/* End PBXGroup section */

/* Begin PBXNativeTarget section */
		DF10EB5F1E1E2DBD00BE671D /* WebSocketDemo */ = {
			isa = PBXNativeTarget;
			buildConfigurationList = DF10EB8D1E1E2DBD00BE671D /* Build configuration list for PBXNativeTarget "WebSocketDemo" */;
			buildPhases = (
				4987CBCAE1FD52AD0E579334 /* [CP] Check Pods Manifest.lock */,
				DF10EB5C1E1E2DBD00BE671D /* Sources */,
				DF10EB5D1E1E2DBD00BE671D /* Frameworks */,
				DF10EB5E1E1E2DBD00BE671D /* Resources */,
				599DF94175AE1A28FB3E39B8 /* [CP] Embed Pods Frameworks */,
				6D9CE0CB42E6F56E12F96EB9 /* [CP] Copy Pods Resources */,
			);
			buildRules = (
			);
			dependencies = (
			);
			name = WebSocketDemo;
			productName = WebSocketDemo;
			productReference = DF10EB601E1E2DBD00BE671D /* WebSocketDemo.app */;
			productType = "com.apple.product-type.application";
		};
		DF10EB781E1E2DBD00BE671D /* WebSocketDemoTests */ = {
			isa = PBXNativeTarget;
			buildConfigurationList = DF10EB901E1E2DBD00BE671D /* Build configuration list for PBXNativeTarget "WebSocketDemoTests" */;
			buildPhases = (
				DF10EB751E1E2DBD00BE671D /* Sources */,
				DF10EB761E1E2DBD00BE671D /* Frameworks */,
				DF10EB771E1E2DBD00BE671D /* Resources */,
			);
			buildRules = (
			);
			dependencies = (
				DF10EB7B1E1E2DBD00BE671D /* PBXTargetDependency */,
			);
			name = WebSocketDemoTests;
			productName = WebSocketDemoTests;
			productReference = DF10EB791E1E2DBD00BE671D /* WebSocketDemoTests.xctest */;
			productType = "com.apple.product-type.bundle.unit-test";
		};
		DF10EB831E1E2DBD00BE671D /* WebSocketDemoUITests */ = {
			isa = PBXNativeTarget;
			buildConfigurationList = DF10EB931E1E2DBD00BE671D /* Build configuration list for PBXNativeTarget "WebSocketDemoUITests" */;
			buildPhases = (
				DF10EB801E1E2DBD00BE671D /* Sources */,
				DF10EB811E1E2DBD00BE671D /* Frameworks */,
				DF10EB821E1E2DBD00BE671D /* Resources */,
			);
			buildRules = (
			);
			dependencies = (
				DF10EB861E1E2DBD00BE671D /* PBXTargetDependency */,
			);
			name = WebSocketDemoUITests;
			productName = WebSocketDemoUITests;
			productReference = DF10EB841E1E2DBD00BE671D /* WebSocketDemoUITests.xctest */;
			productType = "com.apple.product-type.bundle.ui-testing";
		};
/* End PBXNativeTarget section */

/* Begin PBXProject section */
		DF10EB581E1E2DBC00BE671D /* Project object */ = {
			isa = PBXProject;
			attributes = {
				LastUpgradeCheck = 0820;
				ORGANIZATIONNAME = "花花一世界";
				TargetAttributes = {
					DF10EB5F1E1E2DBD00BE671D = {
						CreatedOnToolsVersion = 8.2.1;
						ProvisioningStyle = Automatic;
					};
					DF10EB781E1E2DBD00BE671D = {
						CreatedOnToolsVersion = 8.2.1;
						ProvisioningStyle = Automatic;
						TestTargetID = DF10EB5F1E1E2DBD00BE671D;
					};
					DF10EB831E1E2DBD00BE671D = {
						CreatedOnToolsVersion = 8.2.1;
						ProvisioningStyle = Automatic;
						TestTargetID = DF10EB5F1E1E2DBD00BE671D;
					};
				};
			};
			buildConfigurationList = DF10EB5B1E1E2DBC00BE671D /* Build configuration list for PBXProject "WebSocketDemo" */;
			compatibilityVersion = "Xcode 3.2";
			developmentRegion = English;
			hasScannedForEncodings = 0;
			knownRegions = (
				en,
				Base,
			);
			mainGroup = DF10EB571E1E2DBC00BE671D;
			productRefGroup = DF10EB611E1E2DBD00BE671D /* Products */;
			projectDirPath = "";
			projectRoot = "";
			targets = (
				DF10EB5F1E1E2DBD00BE671D /* WebSocketDemo */,
				DF10EB781E1E2DBD00BE671D /* WebSocketDemoTests */,
				DF10EB831E1E2DBD00BE671D /* WebSocketDemoUITests */,
			);
		};
/* End PBXProject section */

/* Begin PBXResourcesBuildPhase section */
		DF10EB5E1E1E2DBD00BE671D /* Resources */ = {
			isa = PBXResourcesBuildPhase;
			buildActionMask = 2147483647;
			files = (
				DF10EB731E1E2DBD00BE671D /* LaunchScreen.storyboard in Resources */,
				DF10EB701E1E2DBD00BE671D /* Assets.xcassets in Resources */,
				DF10EBAC1E1E310500BE671D /* DemoTableViewCell.xib in Resources */,
				DF10EB6E1E1E2DBD00BE671D /* Main.storyboard in Resources */,
			);
			runOnlyForDeploymentPostprocessing = 0;
		};
		DF10EB771E1E2DBD00BE671D /* Resources */ = {
			isa = PBXResourcesBuildPhase;
			buildActionMask = 2147483647;
			files = (
			);
			runOnlyForDeploymentPostprocessing = 0;
		};
		DF10EB821E1E2DBD00BE671D /* Resources */ = {
			isa = PBXResourcesBuildPhase;
			buildActionMask = 2147483647;
			files = (
			);
			runOnlyForDeploymentPostprocessing = 0;
		};
/* End PBXResourcesBuildPhase section */

/* Begin PBXShellScriptBuildPhase section */
		4987CBCAE1FD52AD0E579334 /* [CP] Check Pods Manifest.lock */ = {
			isa = PBXShellScriptBuildPhase;
			buildActionMask = 2147483647;
			files = (
			);
			inputPaths = (
			);
			name = "[CP] Check Pods Manifest.lock";
			outputPaths = (
			);
			runOnlyForDeploymentPostprocessing = 0;
			shellPath = /bin/sh;
			shellScript = "diff \"${PODS_ROOT}/../Podfile.lock\" \"${PODS_ROOT}/Manifest.lock\" > /dev/null\nif [[ $? != 0 ]] ; then\n    cat << EOM\nerror: The sandbox is not in sync with the Podfile.lock. Run 'pod install' or update your CocoaPods installation.\nEOM\n    exit 1\nfi\n";
			showEnvVarsInLog = 0;
		};
		599DF94175AE1A28FB3E39B8 /* [CP] Embed Pods Frameworks */ = {
			isa = PBXShellScriptBuildPhase;
			buildActionMask = 2147483647;
			files = (
			);
			inputPaths = (
			);
			name = "[CP] Embed Pods Frameworks";
			outputPaths = (
			);
			runOnlyForDeploymentPostprocessing = 0;
			shellPath = /bin/sh;
			shellScript = "\"${SRCROOT}/Pods/Target Support Files/Pods-WebSocketDemo/Pods-WebSocketDemo-frameworks.sh\"\n";
			showEnvVarsInLog = 0;
		};
		6D9CE0CB42E6F56E12F96EB9 /* [CP] Copy Pods Resources */ = {
			isa = PBXShellScriptBuildPhase;
			buildActionMask = 2147483647;
			files = (
			);
			inputPaths = (
			);
			name = "[CP] Copy Pods Resources";
			outputPaths = (
			);
			runOnlyForDeploymentPostprocessing = 0;
			shellPath = /bin/sh;
			shellScript = "\"${SRCROOT}/Pods/Target Support Files/Pods-WebSocketDemo/Pods-WebSocketDemo-resources.sh\"\n";
			showEnvVarsInLog = 0;
		};
/* End PBXShellScriptBuildPhase section */

/* Begin PBXSourcesBuildPhase section */
		DF10EB5C1E1E2DBD00BE671D /* Sources */ = {
			isa = PBXSourcesBuildPhase;
			buildActionMask = 2147483647;
			files = (
				DF10EB6B1E1E2DBD00BE671D /* ViewController.m in Sources */,
				DF10EB681E1E2DBD00BE671D /* AppDelegate.m in Sources */,
				DF10EBAB1E1E310500BE671D /* DemoTableViewCell.m in Sources */,
				DF10EB651E1E2DBD00BE671D /* main.m in Sources */,
				DF10EBA71E1E30F900BE671D /* webSocketManager.m in Sources */,
			);
			runOnlyForDeploymentPostprocessing = 0;
		};
		DF10EB751E1E2DBD00BE671D /* Sources */ = {
			isa = PBXSourcesBuildPhase;
			buildActionMask = 2147483647;
			files = (
				DF10EB7E1E1E2DBD00BE671D /* WebSocketDemoTests.m in Sources */,
			);
			runOnlyForDeploymentPostprocessing = 0;
		};
		DF10EB801E1E2DBD00BE671D /* Sources */ = {
			isa = PBXSourcesBuildPhase;
			buildActionMask = 2147483647;
			files = (
				DF10EB891E1E2DBD00BE671D /* WebSocketDemoUITests.m in Sources */,
			);
			runOnlyForDeploymentPostprocessing = 0;
		};
/* End PBXSourcesBuildPhase section */

/* Begin PBXTargetDependency section */
		DF10EB7B1E1E2DBD00BE671D /* PBXTargetDependency */ = {
			isa = PBXTargetDependency;
			target = DF10EB5F1E1E2DBD00BE671D /* WebSocketDemo */;
			targetProxy = DF10EB7A1E1E2DBD00BE671D /* PBXContainerItemProxy */;
		};
		DF10EB861E1E2DBD00BE671D /* PBXTargetDependency */ = {
			isa = PBXTargetDependency;
			target = DF10EB5F1E1E2DBD00BE671D /* WebSocketDemo */;
			targetProxy = DF10EB851E1E2DBD00BE671D /* PBXContainerItemProxy */;
		};
/* End PBXTargetDependency section */

/* Begin PBXVariantGroup section */
		DF10EB6C1E1E2DBD00BE671D /* Main.storyboard */ = {
			isa = PBXVariantGroup;
			children = (
				DF10EB6D1E1E2DBD00BE671D /* Base */,
			);
			name = Main.storyboard;
			sourceTree = "<group>";
		};
		DF10EB711E1E2DBD00BE671D /* LaunchScreen.storyboard */ = {
			isa = PBXVariantGroup;
			children = (
				DF10EB721E1E2DBD00BE671D /* Base */,
			);
			name = LaunchScreen.storyboard;
			sourceTree = "<group>";
		};
/* End PBXVariantGroup section */

/* Begin XCBuildConfiguration section */
		DF10EB8B1E1E2DBD00BE671D /* Debug */ = {
			isa = XCBuildConfiguration;
			buildSettings = {
				ALWAYS_SEARCH_USER_PATHS = NO;
				CLANG_ANALYZER_NONNULL = YES;
				CLANG_CXX_LANGUAGE_STANDARD = "gnu++0x";
				CLANG_CXX_LIBRARY = "libc++";
				CLANG_ENABLE_MODULES = YES;
				CLANG_ENABLE_OBJC_ARC = YES;
				CLANG_WARN_BOOL_CONVERSION = YES;
				CLANG_WARN_CONSTANT_CONVERSION = YES;
				CLANG_WARN_DIRECT_OBJC_ISA_USAGE = YES_ERROR;
				CLANG_WARN_DOCUMENTATION_COMMENTS = YES;
				CLANG_WARN_EMPTY_BODY = YES;
				CLANG_WARN_ENUM_CONVERSION = YES;
				CLANG_WARN_INFINITE_RECURSION = YES;
				CLANG_WARN_INT_CONVERSION = YES;
				CLANG_WARN_OBJC_ROOT_CLASS = YES_ERROR;
				CLANG_WARN_SUSPICIOUS_MOVE = YES;
				CLANG_WARN_UNREACHABLE_CODE = YES;
				CLANG_WARN__DUPLICATE_METHOD_MATCH = YES;
				"CODE_SIGN_IDENTITY[sdk=iphoneos*]" = "iPhone Developer";
				COPY_PHASE_STRIP = NO;
				DEBUG_INFORMATION_FORMAT = dwarf;
				ENABLE_STRICT_OBJC_MSGSEND = YES;
				ENABLE_TESTABILITY = YES;
				GCC_C_LANGUAGE_STANDARD = gnu99;
				GCC_DYNAMIC_NO_PIC = NO;
				GCC_NO_COMMON_BLOCKS = YES;
				GCC_OPTIMIZATION_LEVEL = 0;
				GCC_PREPROCESSOR_DEFINITIONS = (
					"DEBUG=1",
					"$(inherited)",
				);
				GCC_WARN_64_TO_32_BIT_CONVERSION = YES;
				GCC_WARN_ABOUT_RETURN_TYPE = YES_ERROR;
				GCC_WARN_UNDECLARED_SELECTOR = YES;
				GCC_WARN_UNINITIALIZED_AUTOS = YES_AGGRESSIVE;
				GCC_WARN_UNUSED_FUNCTION = YES;
				GCC_WARN_UNUSED_VARIABLE = YES;
				IPHONEOS_DEPLOYMENT_TARGET = 10.2;
				MTL_ENABLE_DEBUG_INFO = YES;
				ONLY_ACTIVE_ARCH = YES;
				SDKROOT = iphoneos;
				TARGETED_DEVICE_FAMILY = "1,2";
			};
			name = Debug;
		};
		DF10EB8C1E1E2DBD00BE671D /* Release */ = {
			isa = XCBuildConfiguration;
			buildSettings = {
				ALWAYS_SEARCH_USER_PATHS = NO;
				CLANG_ANALYZER_NONNULL = YES;
				CLANG_CXX_LANGUAGE_STANDARD = "gnu++0x";
				CLANG_CXX_LIBRARY = "libc++";
				CLANG_ENABLE_MODULES = YES;
				CLANG_ENABLE_OBJC_ARC = YES;
				CLANG_WARN_BOOL_CONVERSION = YES;
				CLANG_WARN_CONSTANT_CONVERSION = YES;
				CLANG_WARN_DIRECT_OBJC_ISA_USAGE = YES_ERROR;
				CLANG_WARN_DOCUMENTATION_COMMENTS = YES;
				CLANG_WARN_EMPTY_BODY = YES;
				CLANG_WARN_ENUM_CONVERSION = YES;
				CLANG_WARN_INFINITE_RECURSION = YES;
				CLANG_WARN_INT_CONVERSION = YES;
				CLANG_WARN_OBJC_ROOT_CLASS = YES_ERROR;
				CLANG_WARN_SUSPICIOUS_MOVE = YES;
				CLANG_WARN_UNREACHABLE_CODE = YES;
				CLANG_WARN__DUPLICATE_METHOD_MATCH = YES;
				"CODE_SIGN_IDENTITY[sdk=iphoneos*]" = "iPhone Developer";
				COPY_PHASE_STRIP = NO;
				DEBUG_INFORMATION_FORMAT = "dwarf-with-dsym";
				ENABLE_NS_ASSERTIONS = NO;
				ENABLE_STRICT_OBJC_MSGSEND = YES;
				GCC_C_LANGUAGE_STANDARD = gnu99;
				GCC_NO_COMMON_BLOCKS = YES;
				GCC_WARN_64_TO_32_BIT_CONVERSION = YES;
				GCC_WARN_ABOUT_RETURN_TYPE = YES_ERROR;
				GCC_WARN_UNDECLARED_SELECTOR = YES;
				GCC_WARN_UNINITIALIZED_AUTOS = YES_AGGRESSIVE;
				GCC_WARN_UNUSED_FUNCTION = YES;
				GCC_WARN_UNUSED_VARIABLE = YES;
				IPHONEOS_DEPLOYMENT_TARGET = 10.2;
				MTL_ENABLE_DEBUG_INFO = NO;
				SDKROOT = iphoneos;
				TARGETED_DEVICE_FAMILY = "1,2";
				VALIDATE_PRODUCT = YES;
			};
			name = Release;
		};
		DF10EB8E1E1E2DBD00BE671D /* Debug */ = {
			isa = XCBuildConfiguration;
			baseConfigurationReference = 7E873BC24FD6CA93B1F36B8E /* Pods-WebSocketDemo.debug.xcconfig */;
			buildSettings = {
				ASSETCATALOG_COMPILER_APPICON_NAME = AppIcon;
				INFOPLIST_FILE = WebSocketDemo/Info.plist;
				LD_RUNPATH_SEARCH_PATHS = "$(inherited) @executable_path/Frameworks";
				PRODUCT_BUNDLE_IDENTIFIER = "com.sunmmer-huahua.WebSocketDemo";
				PRODUCT_NAME = "$(TARGET_NAME)";
			};
			name = Debug;
		};
		DF10EB8F1E1E2DBD00BE671D /* Release */ = {
			isa = XCBuildConfiguration;
			baseConfigurationReference = EAC5CC82B44C8D1FFF81B195 /* Pods-WebSocketDemo.release.xcconfig */;
			buildSettings = {
				ASSETCATALOG_COMPILER_APPICON_NAME = AppIcon;
				INFOPLIST_FILE = WebSocketDemo/Info.plist;
				LD_RUNPATH_SEARCH_PATHS = "$(inherited) @executable_path/Frameworks";
				PRODUCT_BUNDLE_IDENTIFIER = "com.sunmmer-huahua.WebSocketDemo";
				PRODUCT_NAME = "$(TARGET_NAME)";
			};
			name = Release;
		};
		DF10EB911E1E2DBD00BE671D /* Debug */ = {
			isa = XCBuildConfiguration;
			buildSettings = {
				BUNDLE_LOADER = "$(TEST_HOST)";
				INFOPLIST_FILE = WebSocketDemoTests/Info.plist;
				LD_RUNPATH_SEARCH_PATHS = "$(inherited) @executable_path/Frameworks @loader_path/Frameworks";
				PRODUCT_BUNDLE_IDENTIFIER = "com.sunmmer-huahua.WebSocketDemoTests";
				PRODUCT_NAME = "$(TARGET_NAME)";
				TEST_HOST = "$(BUILT_PRODUCTS_DIR)/WebSocketDemo.app/WebSocketDemo";
			};
			name = Debug;
		};
		DF10EB921E1E2DBD00BE671D /* Release */ = {
			isa = XCBuildConfiguration;
			buildSettings = {
				BUNDLE_LOADER = "$(TEST_HOST)";
				INFOPLIST_FILE = WebSocketDemoTests/Info.plist;
				LD_RUNPATH_SEARCH_PATHS = "$(inherited) @executable_path/Frameworks @loader_path/Frameworks";
				PRODUCT_BUNDLE_IDENTIFIER = "com.sunmmer-huahua.WebSocketDemoTests";
				PRODUCT_NAME = "$(TARGET_NAME)";
				TEST_HOST = "$(BUILT_PRODUCTS_DIR)/WebSocketDemo.app/WebSocketDemo";
			};
			name = Release;
		};
		DF10EB941E1E2DBD00BE671D /* Debug */ = {
			isa = XCBuildConfiguration;
			buildSettings = {
				INFOPLIST_FILE = WebSocketDemoUITests/Info.plist;
				LD_RUNPATH_SEARCH_PATHS = "$(inherited) @executable_path/Frameworks @loader_path/Frameworks";
				PRODUCT_BUNDLE_IDENTIFIER = "com.sunmmer-huahua.WebSocketDemoUITests";
				PRODUCT_NAME = "$(TARGET_NAME)";
				TEST_TARGET_NAME = WebSocketDemo;
			};
			name = Debug;
		};
		DF10EB951E1E2DBD00BE671D /* Release */ = {
			isa = XCBuildConfiguration;
			buildSettings = {
				INFOPLIST_FILE = WebSocketDemoUITests/Info.plist;
				LD_RUNPATH_SEARCH_PATHS = "$(inherited) @executable_path/Frameworks @loader_path/Frameworks";
				PRODUCT_BUNDLE_IDENTIFIER = "com.sunmmer-huahua.WebSocketDemoUITests";
				PRODUCT_NAME = "$(TARGET_NAME)";
				TEST_TARGET_NAME = WebSocketDemo;
			};
			name = Release;
		};
/* End XCBuildConfiguration section */

/* Begin XCConfigurationList section */
		DF10EB5B1E1E2DBC00BE671D /* Build configuration list for PBXProject "WebSocketDemo" */ = {
			isa = XCConfigurationList;
			buildConfigurations = (
				DF10EB8B1E1E2DBD00BE671D /* Debug */,
				DF10EB8C1E1E2DBD00BE671D /* Release */,
			);
			defaultConfigurationIsVisible = 0;
			defaultConfigurationName = Release;
		};
		DF10EB8D1E1E2DBD00BE671D /* Build configuration list for PBXNativeTarget "WebSocketDemo" */ = {
			isa = XCConfigurationList;
			buildConfigurations = (
				DF10EB8E1E1E2DBD00BE671D /* Debug */,
				DF10EB8F1E1E2DBD00BE671D /* Release */,
			);
			defaultConfigurationIsVisible = 0;
			defaultConfigurationName = Release;
		};
		DF10EB901E1E2DBD00BE671D /* Build configuration list for PBXNativeTarget "WebSocketDemoTests" */ = {
			isa = XCConfigurationList;
			buildConfigurations = (
				DF10EB911E1E2DBD00BE671D /* Debug */,
				DF10EB921E1E2DBD00BE671D /* Release */,
			);
			defaultConfigurationIsVisible = 0;
			defaultConfigurationName = Release;
		};
		DF10EB931E1E2DBD00BE671D /* Build configuration list for PBXNativeTarget "WebSocketDemoUITests" */ = {
			isa = XCConfigurationList;
			buildConfigurations = (
				DF10EB941E1E2DBD00BE671D /* Debug */,
				DF10EB951E1E2DBD00BE671D /* Release */,
			);
			defaultConfigurationIsVisible = 0;
			defaultConfigurationName = Release;
		};
/* End XCConfigurationList section */
	};
	rootObject = DF10EB581E1E2DBC00BE671D /* Project object */;
}
